
Microsoft Visual Studio Solution File, Format Version 12.00
Project("{FAE04EC0-301F-11D3-BF4B-00C04F79EFBC}") = "Ejercicio7_VictorLopez", "Ejercicio7_VictorLopez.csproj", "{364DB9CA-7F8C-465F-B038-4CA6359B8683}"
EndProject
Global
	GlobalSection(SolutionConfigurationPlatforms) = preSolution
		Debug|Any CPU = Debug|Any CPU
		Release|Any CPU = Release|Any CPU
	EndGlobalSection
	GlobalSection(ProjectConfigurationPlatforms) = postSolution
		{364DB9CA-7F8C-465F-B038-4CA6359B8683}.Debug|Any CPU.ActiveCfg = Debug|Any CPU
		{364DB9CA-7F8C-465F-B038-4CA6359B8683}.Debug|Any CPU.Build.0 = Debug|Any CPU
		{364DB9CA-7F8C-465F-B038-4CA6359B8683}.Release|Any CPU.ActiveCfg = Release|Any CPU
		{364DB9CA-7F8C-465F-B038-4CA6359B8683}.Release|Any CPU.Build.0 = Release|Any CPU
	EndGlobalSection
EndGlobal
