
Microsoft Visual Studio Solution File, Format Version 12.00
# Visual Studio Version 16
VisualStudioVersion = 16.0.31205.134
MinimumVisualStudioVersion = 10.0.40219.1
Project("{FAE04EC0-301F-11D3-BF4B-00C04F79EFBC}") = "Ejercicio14_victorLopez", "Ejercicio14_victorLopez.csproj", "{54E9C7F7-9774-45DA-B99D-C56CD66A0A00}"
EndProject
Global
	GlobalSection(SolutionConfigurationPlatforms) = preSolution
		Debug|Any CPU = Debug|Any CPU
		Release|Any CPU = Release|Any CPU
	EndGlobalSection
	GlobalSection(ProjectConfigurationPlatforms) = postSolution
		{54E9C7F7-9774-45DA-B99D-C56CD66A0A00}.Debug|Any CPU.ActiveCfg = Debug|Any CPU
		{54E9C7F7-9774-45DA-B99D-C56CD66A0A00}.Debug|Any CPU.Build.0 = Debug|Any CPU
		{54E9C7F7-9774-45DA-B99D-C56CD66A0A00}.Release|Any CPU.ActiveCfg = Release|Any CPU
		{54E9C7F7-9774-45DA-B99D-C56CD66A0A00}.Release|Any CPU.Build.0 = Release|Any CPU
	EndGlobalSection
	GlobalSection(SolutionProperties) = preSolution
		HideSolutionNode = FALSE
	EndGlobalSection
	GlobalSection(ExtensibilityGlobals) = postSolution
		SolutionGuid = {552BEA0F-DBCC-49AF-889C-38D3C6936056}
	EndGlobalSection
EndGlobal
