
Microsoft Visual Studio Solution File, Format Version 12.00
# Visual Studio Version 16
VisualStudioVersion = 16.0.31205.134
MinimumVisualStudioVersion = 10.0.40219.1
Project("{FAE04EC0-301F-11D3-BF4B-00C04F79EFBC}") = "ejercicio15_Victorlopez", "ejercicio15_Victorlopez.csproj", "{1F7104DE-771C-413C-AEE0-4D44624D5599}"
EndProject
Global
	GlobalSection(SolutionConfigurationPlatforms) = preSolution
		Debug|Any CPU = Debug|Any CPU
		Release|Any CPU = Release|Any CPU
	EndGlobalSection
	GlobalSection(ProjectConfigurationPlatforms) = postSolution
		{1F7104DE-771C-413C-AEE0-4D44624D5599}.Debug|Any CPU.ActiveCfg = Debug|Any CPU
		{1F7104DE-771C-413C-AEE0-4D44624D5599}.Debug|Any CPU.Build.0 = Debug|Any CPU
		{1F7104DE-771C-413C-AEE0-4D44624D5599}.Release|Any CPU.ActiveCfg = Release|Any CPU
		{1F7104DE-771C-413C-AEE0-4D44624D5599}.Release|Any CPU.Build.0 = Release|Any CPU
	EndGlobalSection
	GlobalSection(SolutionProperties) = preSolution
		HideSolutionNode = FALSE
	EndGlobalSection
	GlobalSection(ExtensibilityGlobals) = postSolution
		SolutionGuid = {1759055E-63D2-4F3C-91B1-EDA646057B63}
	EndGlobalSection
EndGlobal
