
Microsoft Visual Studio Solution File, Format Version 12.00
Project("{FAE04EC0-301F-11D3-BF4B-00C04F79EFBC}") = "Ejercicio10_VictorLopez", "Ejercicio10_VictorLopez.csproj", "{126219DC-1C3E-425C-9553-B39ED9073C1E}"
EndProject
Global
	GlobalSection(SolutionConfigurationPlatforms) = preSolution
		Debug|Any CPU = Debug|Any CPU
		Release|Any CPU = Release|Any CPU
	EndGlobalSection
	GlobalSection(ProjectConfigurationPlatforms) = postSolution
		{126219DC-1C3E-425C-9553-B39ED9073C1E}.Debug|Any CPU.ActiveCfg = Debug|Any CPU
		{126219DC-1C3E-425C-9553-B39ED9073C1E}.Debug|Any CPU.Build.0 = Debug|Any CPU
		{126219DC-1C3E-425C-9553-B39ED9073C1E}.Release|Any CPU.ActiveCfg = Release|Any CPU
		{126219DC-1C3E-425C-9553-B39ED9073C1E}.Release|Any CPU.Build.0 = Release|Any CPU
	EndGlobalSection
EndGlobal
