
Microsoft Visual Studio Solution File, Format Version 12.00
Project("{FAE04EC0-301F-11D3-BF4B-00C04F79EFBC}") = "Ejercicio18_VictorLopez", "Ejercicio18_VictorLopez\Ejercicio18_VictorLopez.csproj", "{DE14B98E-DEBF-4029-8607-BBC1F8F1C10F}"
EndProject
Global
	GlobalSection(SolutionConfigurationPlatforms) = preSolution
		Debug|Any CPU = Debug|Any CPU
		Release|Any CPU = Release|Any CPU
	EndGlobalSection
	GlobalSection(ProjectConfigurationPlatforms) = postSolution
		{DE14B98E-DEBF-4029-8607-BBC1F8F1C10F}.Debug|Any CPU.ActiveCfg = Debug|Any CPU
		{DE14B98E-DEBF-4029-8607-BBC1F8F1C10F}.Debug|Any CPU.Build.0 = Debug|Any CPU
		{DE14B98E-DEBF-4029-8607-BBC1F8F1C10F}.Release|Any CPU.ActiveCfg = Release|Any CPU
		{DE14B98E-DEBF-4029-8607-BBC1F8F1C10F}.Release|Any CPU.Build.0 = Release|Any CPU
	EndGlobalSection
EndGlobal
